// !$*UTF8*$!
{
	archiveVersion = 1;
	classes = {
	};
	objectVersion = 52;
	objects = {

/* Begin PBXBuildFile section */
		042444FB2786BB3100D3B1EB /* FakeCache.swift in Sources */ = {isa = PBXBuildFile; fileRef = 042444FA2786BB3100D3B1EB /* FakeCache.swift */; };
		042445002786C43B00D3B1EB /* KeychainSwift in Frameworks */ = {isa = PBXBuildFile; productRef = 042444FF2786C43B00D3B1EB /* KeychainSwift */; };
		045AD4E927DC6A3400A931C6 /* ServiceLocator.swift in Sources */ = {isa = PBXBuildFile; fileRef = 045AD4E827DC6A3400A931C6 /* ServiceLocator.swift */; };
		045AD4EE27DC6BFB00A931C6 /* Core in Frameworks */ = {isa = PBXBuildFile; productRef = 045AD4ED27DC6BFB00A931C6 /* Core */; };
		045AD4F127DC6DF100A931C6 /* LoginEndpoint.swift in Sources */ = {isa = PBXBuildFile; fileRef = 045AD4F027DC6DF100A931C6 /* LoginEndpoint.swift */; };
		045AD4F427DC75E100A931C6 /* StorageKeys.swift in Sources */ = {isa = PBXBuildFile; fileRef = 045AD4F327DC75E100A931C6 /* StorageKeys.swift */; };
		045AD4F727DC8DB900A931C6 /* RouterProtocol.swift in Sources */ = {isa = PBXBuildFile; fileRef = 045AD4F627DC8DB900A931C6 /* RouterProtocol.swift */; };
		045AD4F927DC90BF00A931C6 /* Router.swift in Sources */ = {isa = PBXBuildFile; fileRef = 045AD4F827DC90BF00A931C6 /* Router.swift */; };
		045AD4FB27DC93C400A931C6 /* FakeRouter.swift in Sources */ = {isa = PBXBuildFile; fileRef = 045AD4FA27DC93C400A931C6 /* FakeRouter.swift */; };
		047B30CA2785FE2D00660AF5 /* AccessToken.swift in Sources */ = {isa = PBXBuildFile; fileRef = 047B30C92785FE2C00660AF5 /* AccessToken.swift */; };
		04D492542783131400B3E84E /* FakeNetwork.swift in Sources */ = {isa = PBXBuildFile; fileRef = 04D492532783131400B3E84E /* FakeNetwork.swift */; };
		B81DDD54258D734900BC6142 /* LoginViewModelTests.swift in Sources */ = {isa = PBXBuildFile; fileRef = B81DDD53258D734900BC6142 /* LoginViewModelTests.swift */; };
		B81DDD5A258D73C800BC6142 /* LoginViewModel.swift in Sources */ = {isa = PBXBuildFile; fileRef = B81DDD59258D73C800BC6142 /* LoginViewModel.swift */; };
		B85491EC25446F84006319DC /* AppDelegate.swift in Sources */ = {isa = PBXBuildFile; fileRef = B85491EB25446F84006319DC /* AppDelegate.swift */; };
		B85491EE25446F84006319DC /* SceneDelegate.swift in Sources */ = {isa = PBXBuildFile; fileRef = B85491ED25446F84006319DC /* SceneDelegate.swift */; };
		B85491F025446F85006319DC /* ViewController.swift in Sources */ = {isa = PBXBuildFile; fileRef = B85491EF25446F84006319DC /* ViewController.swift */; };
		B85491F325446F85006319DC /* Main.storyboard in Resources */ = {isa = PBXBuildFile; fileRef = B85491F125446F85006319DC /* Main.storyboard */; };
		B85491F525446F87006319DC /* Assets.xcassets in Resources */ = {isa = PBXBuildFile; fileRef = B85491F425446F87006319DC /* Assets.xcassets */; };
		B85491F825446F87006319DC /* LaunchScreen.storyboard in Resources */ = {isa = PBXBuildFile; fileRef = B85491F625446F87006319DC /* LaunchScreen.storyboard */; };
		B854920325446F87006319DC /* TDDTests.swift in Sources */ = {isa = PBXBuildFile; fileRef = B854920225446F87006319DC /* TDDTests.swift */; };
/* End PBXBuildFile section */

/* Begin PBXContainerItemProxy section */
		B85491FF25446F87006319DC /* PBXContainerItemProxy */ = {
			isa = PBXContainerItemProxy;
			containerPortal = B85491E025446F84006319DC /* Project object */;
			proxyType = 1;
			remoteGlobalIDString = B85491E725446F84006319DC;
			remoteInfo = TDD;
		};
/* End PBXContainerItemProxy section */

/* Begin PBXFileReference section */
		042444FA2786BB3100D3B1EB /* FakeCache.swift */ = {isa = PBXFileReference; lastKnownFileType = sourcecode.swift; path = FakeCache.swift; sourceTree = "<group>"; };
		045AD4E827DC6A3400A931C6 /* ServiceLocator.swift */ = {isa = PBXFileReference; lastKnownFileType = sourcecode.swift; path = ServiceLocator.swift; sourceTree = "<group>"; };
		045AD4EB27DC6BB800A931C6 /* OrdiCore */ = {isa = PBXFileReference; lastKnownFileType = wrapper; path = OrdiCore; sourceTree = "<group>"; };
		045AD4F027DC6DF100A931C6 /* LoginEndpoint.swift */ = {isa = PBXFileReference; fileEncoding = 4; lastKnownFileType = sourcecode.swift; path = LoginEndpoint.swift; sourceTree = "<group>"; };
		045AD4F327DC75E100A931C6 /* StorageKeys.swift */ = {isa = PBXFileReference; lastKnownFileType = sourcecode.swift; path = StorageKeys.swift; sourceTree = "<group>"; };
		045AD4F627DC8DB900A931C6 /* RouterProtocol.swift */ = {isa = PBXFileReference; lastKnownFileType = sourcecode.swift; path = RouterProtocol.swift; sourceTree = "<group>"; };
		045AD4F827DC90BF00A931C6 /* Router.swift */ = {isa = PBXFileReference; lastKnownFileType = sourcecode.swift; path = Router.swift; sourceTree = "<group>"; };
		045AD4FA27DC93C400A931C6 /* FakeRouter.swift */ = {isa = PBXFileReference; lastKnownFileType = sourcecode.swift; path = FakeRouter.swift; sourceTree = "<group>"; };
		047B30C92785FE2C00660AF5 /* AccessToken.swift */ = {isa = PBXFileReference; lastKnownFileType = sourcecode.swift; path = AccessToken.swift; sourceTree = "<group>"; };
		04D492532783131400B3E84E /* FakeNetwork.swift */ = {isa = PBXFileReference; lastKnownFileType = sourcecode.swift; path = FakeNetwork.swift; sourceTree = "<group>"; };
		B81DDD53258D734900BC6142 /* LoginViewModelTests.swift */ = {isa = PBXFileReference; indentWidth = 2; lastKnownFileType = sourcecode.swift; path = LoginViewModelTests.swift; sourceTree = "<group>"; tabWidth = 2; };
		B81DDD59258D73C800BC6142 /* LoginViewModel.swift */ = {isa = PBXFileReference; indentWidth = 2; lastKnownFileType = sourcecode.swift; path = LoginViewModel.swift; sourceTree = "<group>"; tabWidth = 2; };
		B85491E825446F84006319DC /* TDD.app */ = {isa = PBXFileReference; explicitFileType = wrapper.application; includeInIndex = 0; path = TDD.app; sourceTree = BUILT_PRODUCTS_DIR; };
		B85491EB25446F84006319DC /* AppDelegate.swift */ = {isa = PBXFileReference; lastKnownFileType = sourcecode.swift; path = AppDelegate.swift; sourceTree = "<group>"; };
		B85491ED25446F84006319DC /* SceneDelegate.swift */ = {isa = PBXFileReference; lastKnownFileType = sourcecode.swift; path = SceneDelegate.swift; sourceTree = "<group>"; };
		B85491EF25446F84006319DC /* ViewController.swift */ = {isa = PBXFileReference; lastKnownFileType = sourcecode.swift; path = ViewController.swift; sourceTree = "<group>"; };
		B85491F225446F85006319DC /* Base */ = {isa = PBXFileReference; lastKnownFileType = file.storyboard; name = Base; path = Base.lproj/Main.storyboard; sourceTree = "<group>"; };
		B85491F425446F87006319DC /* Assets.xcassets */ = {isa = PBXFileReference; lastKnownFileType = folder.assetcatalog; path = Assets.xcassets; sourceTree = "<group>"; };
		B85491F725446F87006319DC /* Base */ = {isa = PBXFileReference; lastKnownFileType = file.storyboard; name = Base; path = Base.lproj/LaunchScreen.storyboard; sourceTree = "<group>"; };
		B85491F925446F87006319DC /* Info.plist */ = {isa = PBXFileReference; lastKnownFileType = text.plist.xml; path = Info.plist; sourceTree = "<group>"; };
		B85491FE25446F87006319DC /* TDDTests.xctest */ = {isa = PBXFileReference; explicitFileType = wrapper.cfbundle; includeInIndex = 0; path = TDDTests.xctest; sourceTree = BUILT_PRODUCTS_DIR; };
		B854920225446F87006319DC /* TDDTests.swift */ = {isa = PBXFileReference; lastKnownFileType = sourcecode.swift; path = TDDTests.swift; sourceTree = "<group>"; };
		B854920425446F87006319DC /* Info.plist */ = {isa = PBXFileReference; lastKnownFileType = text.plist.xml; path = Info.plist; sourceTree = "<group>"; };
/* End PBXFileReference section */

/* Begin PBXFrameworksBuildPhase section */
		B85491E525446F84006319DC /* Frameworks */ = {
			isa = PBXFrameworksBuildPhase;
			buildActionMask = 2147483647;
			files = (
				042445002786C43B00D3B1EB /* KeychainSwift in Frameworks */,
				045AD4EE27DC6BFB00A931C6 /* Core in Frameworks */,
			);
			runOnlyForDeploymentPostprocessing = 0;
		};
		B85491FB25446F87006319DC /* Frameworks */ = {
			isa = PBXFrameworksBuildPhase;
			buildActionMask = 2147483647;
			files = (
			);
			runOnlyForDeploymentPostprocessing = 0;
		};
/* End PBXFrameworksBuildPhase section */

/* Begin PBXGroup section */
		045AD4E727DC6A2B00A931C6 /* ServiceLocator */ = {
			isa = PBXGroup;
			children = (
				045AD4E827DC6A3400A931C6 /* ServiceLocator.swift */,
			);
			path = ServiceLocator;
			sourceTree = "<group>";
		};
		045AD4EC27DC6BFB00A931C6 /* Frameworks */ = {
			isa = PBXGroup;
			children = (
			);
			name = Frameworks;
			sourceTree = "<group>";
		};
		045AD4EF27DC6DF100A931C6 /* Network */ = {
			isa = PBXGroup;
			children = (
				045AD4F027DC6DF100A931C6 /* LoginEndpoint.swift */,
			);
			path = Network;
			sourceTree = "<group>";
		};
		045AD4F227DC75D300A931C6 /* Persistance */ = {
			isa = PBXGroup;
			children = (
				045AD4F327DC75E100A931C6 /* StorageKeys.swift */,
			);
			path = Persistance;
			sourceTree = "<group>";
		};
		045AD4F527DC8DAE00A931C6 /* Navigation */ = {
			isa = PBXGroup;
			children = (
				045AD4F627DC8DB900A931C6 /* RouterProtocol.swift */,
				045AD4F827DC90BF00A931C6 /* Router.swift */,
			);
			path = Navigation;
			sourceTree = "<group>";
		};
		047B30C82785FE2400660AF5 /* Data Models */ = {
			isa = PBXGroup;
			children = (
				047B30C92785FE2C00660AF5 /* AccessToken.swift */,
			);
			path = "Data Models";
			sourceTree = "<group>";
		};
		04D49252278312F500B3E84E /* Fakes */ = {
			isa = PBXGroup;
			children = (
				04D492532783131400B3E84E /* FakeNetwork.swift */,
				042444FA2786BB3100D3B1EB /* FakeCache.swift */,
				045AD4FA27DC93C400A931C6 /* FakeRouter.swift */,
			);
			path = Fakes;
			sourceTree = "<group>";
		};
		B81DDD4A258D731900BC6142 /* Login */ = {
			isa = PBXGroup;
			children = (
				B81DDD53258D734900BC6142 /* LoginViewModelTests.swift */,
			);
			path = Login;
			sourceTree = "<group>";
		};
		B81DDD57258D73B700BC6142 /* Authentication */ = {
			isa = PBXGroup;
			children = (
				B81DDD58258D73BB00BC6142 /* Login */,
			);
			path = Authentication;
			sourceTree = "<group>";
		};
		B81DDD58258D73BB00BC6142 /* Login */ = {
			isa = PBXGroup;
			children = (
				B81DDD59258D73C800BC6142 /* LoginViewModel.swift */,
			);
			path = Login;
			sourceTree = "<group>";
		};
		B81DDD5F258D7A2300BC6142 /* Business */ = {
			isa = PBXGroup;
			children = (
				045AD4F527DC8DAE00A931C6 /* Navigation */,
				045AD4F227DC75D300A931C6 /* Persistance */,
				045AD4EF27DC6DF100A931C6 /* Network */,
				045AD4E727DC6A2B00A931C6 /* ServiceLocator */,
				047B30C82785FE2400660AF5 /* Data Models */,
			);
			path = Business;
			sourceTree = "<group>";
		};
		B85491DF25446F84006319DC = {
			isa = PBXGroup;
			children = (
				045AD4EB27DC6BB800A931C6 /* OrdiCore */,
				B85491EA25446F84006319DC /* TDD */,
				B854920125446F87006319DC /* TDDTests */,
				B85491E925446F84006319DC /* Products */,
				045AD4EC27DC6BFB00A931C6 /* Frameworks */,
			);
			indentWidth = 2;
			sourceTree = "<group>";
			tabWidth = 2;
		};
		B85491E925446F84006319DC /* Products */ = {
			isa = PBXGroup;
			children = (
				B85491E825446F84006319DC /* TDD.app */,
				B85491FE25446F87006319DC /* TDDTests.xctest */,
			);
			name = Products;
			sourceTree = "<group>";
		};
		B85491EA25446F84006319DC /* TDD */ = {
			isa = PBXGroup;
			children = (
				B81DDD5F258D7A2300BC6142 /* Business */,
				B81DDD57258D73B700BC6142 /* Authentication */,
				B85491EB25446F84006319DC /* AppDelegate.swift */,
				B85491ED25446F84006319DC /* SceneDelegate.swift */,
				B85491EF25446F84006319DC /* ViewController.swift */,
				B85491F125446F85006319DC /* Main.storyboard */,
				B85491F425446F87006319DC /* Assets.xcassets */,
				B85491F625446F87006319DC /* LaunchScreen.storyboard */,
				B85491F925446F87006319DC /* Info.plist */,
			);
			path = TDD;
			sourceTree = "<group>";
		};
		B854920125446F87006319DC /* TDDTests */ = {
			isa = PBXGroup;
			children = (
				04D49252278312F500B3E84E /* Fakes */,
				B81DDD4A258D731900BC6142 /* Login */,
				B854920225446F87006319DC /* TDDTests.swift */,
				B854920425446F87006319DC /* Info.plist */,
			);
			path = TDDTests;
			sourceTree = "<group>";
		};
/* End PBXGroup section */

/* Begin PBXNativeTarget section */
		B85491E725446F84006319DC /* TDD */ = {
			isa = PBXNativeTarget;
			buildConfigurationList = B854920725446F87006319DC /* Build configuration list for PBXNativeTarget "TDD" */;
			buildPhases = (
				B85491E425446F84006319DC /* Sources */,
				B85491E525446F84006319DC /* Frameworks */,
				B85491E625446F84006319DC /* Resources */,
			);
			buildRules = (
			);
			dependencies = (
			);
			name = TDD;
			packageProductDependencies = (
				042444FF2786C43B00D3B1EB /* KeychainSwift */,
				045AD4ED27DC6BFB00A931C6 /* Core */,
			);
			productName = TDD;
			productReference = B85491E825446F84006319DC /* TDD.app */;
			productType = "com.apple.product-type.application";
		};
		B85491FD25446F87006319DC /* TDDTests */ = {
			isa = PBXNativeTarget;
			buildConfigurationList = B854920A25446F87006319DC /* Build configuration list for PBXNativeTarget "TDDTests" */;
			buildPhases = (
				B85491FA25446F87006319DC /* Sources */,
				B85491FB25446F87006319DC /* Frameworks */,
				B85491FC25446F87006319DC /* Resources */,
			);
			buildRules = (
			);
			dependencies = (
				B854920025446F87006319DC /* PBXTargetDependency */,
			);
			name = TDDTests;
			productName = TDDTests;
			productReference = B85491FE25446F87006319DC /* TDDTests.xctest */;
			productType = "com.apple.product-type.bundle.unit-test";
		};
/* End PBXNativeTarget section */

/* Begin PBXProject section */
		B85491E025446F84006319DC /* Project object */ = {
			isa = PBXProject;
			attributes = {
				LastSwiftUpdateCheck = 1170;
				LastUpgradeCheck = 1320;
				ORGANIZATIONNAME = "Ahmed Ramy";
				TargetAttributes = {
					B85491E725446F84006319DC = {
						CreatedOnToolsVersion = 11.7;
					};
					B85491FD25446F87006319DC = {
						CreatedOnToolsVersion = 11.7;
						TestTargetID = B85491E725446F84006319DC;
					};
				};
			};
			buildConfigurationList = B85491E325446F84006319DC /* Build configuration list for PBXProject "TDD" */;
			compatibilityVersion = "Xcode 9.3";
			developmentRegion = en;
			hasScannedForEncodings = 0;
			knownRegions = (
				en,
				Base,
			);
			mainGroup = B85491DF25446F84006319DC;
			packageReferences = (
				042444FE2786C43B00D3B1EB /* XCRemoteSwiftPackageReference "keychain-swift" */,
			);
			productRefGroup = B85491E925446F84006319DC /* Products */;
			projectDirPath = "";
			projectRoot = "";
			targets = (
				B85491E725446F84006319DC /* TDD */,
				B85491FD25446F87006319DC /* TDDTests */,
			);
		};
/* End PBXProject section */

/* Begin PBXResourcesBuildPhase section */
		B85491E625446F84006319DC /* Resources */ = {
			isa = PBXResourcesBuildPhase;
			buildActionMask = 2147483647;
			files = (
				B85491F825446F87006319DC /* LaunchScreen.storyboard in Resources */,
				B85491F525446F87006319DC /* Assets.xcassets in Resources */,
				B85491F325446F85006319DC /* Main.storyboard in Resources */,
			);
			runOnlyForDeploymentPostprocessing = 0;
		};
		B85491FC25446F87006319DC /* Resources */ = {
			isa = PBXResourcesBuildPhase;
			buildActionMask = 2147483647;
			files = (
			);
			runOnlyForDeploymentPostprocessing = 0;
		};
/* End PBXResourcesBuildPhase section */

/* Begin PBXSourcesBuildPhase section */
		B85491E425446F84006319DC /* Sources */ = {
			isa = PBXSourcesBuildPhase;
			buildActionMask = 2147483647;
			files = (
				045AD4F727DC8DB900A931C6 /* RouterProtocol.swift in Sources */,
				B81DDD5A258D73C800BC6142 /* LoginViewModel.swift in Sources */,
				045AD4F927DC90BF00A931C6 /* Router.swift in Sources */,
				B85491F025446F85006319DC /* ViewController.swift in Sources */,
				045AD4E927DC6A3400A931C6 /* ServiceLocator.swift in Sources */,
				B85491EC25446F84006319DC /* AppDelegate.swift in Sources */,
				B85491EE25446F84006319DC /* SceneDelegate.swift in Sources */,
				045AD4F427DC75E100A931C6 /* StorageKeys.swift in Sources */,
				045AD4F127DC6DF100A931C6 /* LoginEndpoint.swift in Sources */,
				047B30CA2785FE2D00660AF5 /* AccessToken.swift in Sources */,
			);
			runOnlyForDeploymentPostprocessing = 0;
		};
		B85491FA25446F87006319DC /* Sources */ = {
			isa = PBXSourcesBuildPhase;
			buildActionMask = 2147483647;
			files = (
				04D492542783131400B3E84E /* FakeNetwork.swift in Sources */,
				045AD4FB27DC93C400A931C6 /* FakeRouter.swift in Sources */,
				B81DDD54258D734900BC6142 /* LoginViewModelTests.swift in Sources */,
				B854920325446F87006319DC /* TDDTests.swift in Sources */,
				042444FB2786BB3100D3B1EB /* FakeCache.swift in Sources */,
			);
			runOnlyForDeploymentPostprocessing = 0;
		};
/* End PBXSourcesBuildPhase section */

/* Begin PBXTargetDependency section */
		B854920025446F87006319DC /* PBXTargetDependency */ = {
			isa = PBXTargetDependency;
			target = B85491E725446F84006319DC /* TDD */;
			targetProxy = B85491FF25446F87006319DC /* PBXContainerItemProxy */;
		};
/* End PBXTargetDependency section */

/* Begin PBXVariantGroup section */
		B85491F125446F85006319DC /* Main.storyboard */ = {
			isa = PBXVariantGroup;
			children = (
				B85491F225446F85006319DC /* Base */,
			);
			name = Main.storyboard;
			sourceTree = "<group>";
		};
		B85491F625446F87006319DC /* LaunchScreen.storyboard */ = {
			isa = PBXVariantGroup;
			children = (
				B85491F725446F87006319DC /* Base */,
			);
			name = LaunchScreen.storyboard;
			sourceTree = "<group>";
		};
/* End PBXVariantGroup section */

/* Begin XCBuildConfiguration section */
		B854920525446F87006319DC /* Debug */ = {
			isa = XCBuildConfiguration;
			buildSettings = {
				ALWAYS_SEARCH_USER_PATHS = NO;
				CLANG_ANALYZER_NONNULL = YES;
				CLANG_ANALYZER_NUMBER_OBJECT_CONVERSION = YES_AGGRESSIVE;
				CLANG_CXX_LANGUAGE_STANDARD = "gnu++14";
				CLANG_CXX_LIBRARY = "libc++";
				CLANG_ENABLE_MODULES = YES;
				CLANG_ENABLE_OBJC_ARC = YES;
				CLANG_ENABLE_OBJC_WEAK = YES;
				CLANG_WARN_BLOCK_CAPTURE_AUTORELEASING = YES;
				CLANG_WARN_BOOL_CONVERSION = YES;
				CLANG_WARN_COMMA = YES;
				CLANG_WARN_CONSTANT_CONVERSION = YES;
				CLANG_WARN_DEPRECATED_OBJC_IMPLEMENTATIONS = YES;
				CLANG_WARN_DIRECT_OBJC_ISA_USAGE = YES_ERROR;
				CLANG_WARN_DOCUMENTATION_COMMENTS = YES;
				CLANG_WARN_EMPTY_BODY = YES;
				CLANG_WARN_ENUM_CONVERSION = YES;
				CLANG_WARN_INFINITE_RECURSION = YES;
				CLANG_WARN_INT_CONVERSION = YES;
				CLANG_WARN_NON_LITERAL_NULL_CONVERSION = YES;
				CLANG_WARN_OBJC_IMPLICIT_RETAIN_SELF = YES;
				CLANG_WARN_OBJC_LITERAL_CONVERSION = YES;
				CLANG_WARN_OBJC_ROOT_CLASS = YES_ERROR;
				CLANG_WARN_QUOTED_INCLUDE_IN_FRAMEWORK_HEADER = YES;
				CLANG_WARN_RANGE_LOOP_ANALYSIS = YES;
				CLANG_WARN_STRICT_PROTOTYPES = YES;
				CLANG_WARN_SUSPICIOUS_MOVE = YES;
				CLANG_WARN_UNGUARDED_AVAILABILITY = YES_AGGRESSIVE;
				CLANG_WARN_UNREACHABLE_CODE = YES;
				CLANG_WARN__DUPLICATE_METHOD_MATCH = YES;
				COPY_PHASE_STRIP = NO;
				DEBUG_INFORMATION_FORMAT = dwarf;
				ENABLE_STRICT_OBJC_MSGSEND = YES;
				ENABLE_TESTABILITY = YES;
				GCC_C_LANGUAGE_STANDARD = gnu11;
				GCC_DYNAMIC_NO_PIC = NO;
				GCC_NO_COMMON_BLOCKS = YES;
				GCC_OPTIMIZATION_LEVEL = 0;
				GCC_PREPROCESSOR_DEFINITIONS = (
					"DEBUG=1",
					"$(inherited)",
				);
				GCC_WARN_64_TO_32_BIT_CONVERSION = YES;
				GCC_WARN_ABOUT_RETURN_TYPE = YES_ERROR;
				GCC_WARN_UNDECLARED_SELECTOR = YES;
				GCC_WARN_UNINITIALIZED_AUTOS = YES_AGGRESSIVE;
				GCC_WARN_UNUSED_FUNCTION = YES;
				GCC_WARN_UNUSED_VARIABLE = YES;
				IPHONEOS_DEPLOYMENT_TARGET = 13.7;
				MTL_ENABLE_DEBUG_INFO = INCLUDE_SOURCE;
				MTL_FAST_MATH = YES;
				ONLY_ACTIVE_ARCH = YES;
				SDKROOT = iphoneos;
				SWIFT_ACTIVE_COMPILATION_CONDITIONS = DEBUG;
				SWIFT_OPTIMIZATION_LEVEL = "-Onone";
			};
			name = Debug;
		};
		B854920625446F87006319DC /* Release */ = {
			isa = XCBuildConfiguration;
			buildSettings = {
				ALWAYS_SEARCH_USER_PATHS = NO;
				CLANG_ANALYZER_NONNULL = YES;
				CLANG_ANALYZER_NUMBER_OBJECT_CONVERSION = YES_AGGRESSIVE;
				CLANG_CXX_LANGUAGE_STANDARD = "gnu++14";
				CLANG_CXX_LIBRARY = "libc++";
				CLANG_ENABLE_MODULES = YES;
				CLANG_ENABLE_OBJC_ARC = YES;
				CLANG_ENABLE_OBJC_WEAK = YES;
				CLANG_WARN_BLOCK_CAPTURE_AUTORELEASING = YES;
				CLANG_WARN_BOOL_CONVERSION = YES;
				CLANG_WARN_COMMA = YES;
				CLANG_WARN_CONSTANT_CONVERSION = YES;
				CLANG_WARN_DEPRECATED_OBJC_IMPLEMENTATIONS = YES;
				CLANG_WARN_DIRECT_OBJC_ISA_USAGE = YES_ERROR;
				CLANG_WARN_DOCUMENTATION_COMMENTS = YES;
				CLANG_WARN_EMPTY_BODY = YES;
				CLANG_WARN_ENUM_CONVERSION = YES;
				CLANG_WARN_INFINITE_RECURSION = YES;
				CLANG_WARN_INT_CONVERSION = YES;
				CLANG_WARN_NON_LITERAL_NULL_CONVERSION = YES;
				CLANG_WARN_OBJC_IMPLICIT_RETAIN_SELF = YES;
				CLANG_WARN_OBJC_LITERAL_CONVERSION = YES;
				CLANG_WARN_OBJC_ROOT_CLASS = YES_ERROR;
				CLANG_WARN_QUOTED_INCLUDE_IN_FRAMEWORK_HEADER = YES;
				CLANG_WARN_RANGE_LOOP_ANALYSIS = YES;
				CLANG_WARN_STRICT_PROTOTYPES = YES;
				CLANG_WARN_SUSPICIOUS_MOVE = YES;
				CLANG_WARN_UNGUARDED_AVAILABILITY = YES_AGGRESSIVE;
				CLANG_WARN_UNREACHABLE_CODE = YES;
				CLANG_WARN__DUPLICATE_METHOD_MATCH = YES;
				COPY_PHASE_STRIP = NO;
				DEBUG_INFORMATION_FORMAT = "dwarf-with-dsym";
				ENABLE_NS_ASSERTIONS = NO;
				ENABLE_STRICT_OBJC_MSGSEND = YES;
				GCC_C_LANGUAGE_STANDARD = gnu11;
				GCC_NO_COMMON_BLOCKS = YES;
				GCC_WARN_64_TO_32_BIT_CONVERSION = YES;
				GCC_WARN_ABOUT_RETURN_TYPE = YES_ERROR;
				GCC_WARN_UNDECLARED_SELECTOR = YES;
				GCC_WARN_UNINITIALIZED_AUTOS = YES_AGGRESSIVE;
				GCC_WARN_UNUSED_FUNCTION = YES;
				GCC_WARN_UNUSED_VARIABLE = YES;
				IPHONEOS_DEPLOYMENT_TARGET = 13.7;
				MTL_ENABLE_DEBUG_INFO = NO;
				MTL_FAST_MATH = YES;
				SDKROOT = iphoneos;
				SWIFT_COMPILATION_MODE = wholemodule;
				SWIFT_OPTIMIZATION_LEVEL = "-O";
				VALIDATE_PRODUCT = YES;
			};
			name = Release;
		};
		B854920825446F87006319DC /* Debug */ = {
			isa = XCBuildConfiguration;
			buildSettings = {
				ASSETCATALOG_COMPILER_APPICON_NAME = AppIcon;
				CODE_SIGN_STYLE = Automatic;
				INFOPLIST_FILE = TDD/Info.plist;
				IPHONEOS_DEPLOYMENT_TARGET = 15.2;
				LD_RUNPATH_SEARCH_PATHS = (
					"$(inherited)",
					"@executable_path/Frameworks",
				);
				PRODUCT_BUNDLE_IDENTIFIER = com.reviewdevs.TDD;
				PRODUCT_NAME = "$(TARGET_NAME)";
				SWIFT_VERSION = 5.0;
				TARGETED_DEVICE_FAMILY = "1,2";
			};
			name = Debug;
		};
		B854920925446F87006319DC /* Release */ = {
			isa = XCBuildConfiguration;
			buildSettings = {
				ASSETCATALOG_COMPILER_APPICON_NAME = AppIcon;
				CODE_SIGN_STYLE = Automatic;
				INFOPLIST_FILE = TDD/Info.plist;
				IPHONEOS_DEPLOYMENT_TARGET = 15.2;
				LD_RUNPATH_SEARCH_PATHS = (
					"$(inherited)",
					"@executable_path/Frameworks",
				);
				PRODUCT_BUNDLE_IDENTIFIER = com.reviewdevs.TDD;
				PRODUCT_NAME = "$(TARGET_NAME)";
				SWIFT_VERSION = 5.0;
				TARGETED_DEVICE_FAMILY = "1,2";
			};
			name = Release;
		};
		B854920B25446F87006319DC /* Debug */ = {
			isa = XCBuildConfiguration;
			buildSettings = {
				ALWAYS_EMBED_SWIFT_STANDARD_LIBRARIES = YES;
				BUNDLE_LOADER = "$(TEST_HOST)";
				CODE_SIGN_STYLE = Automatic;
				INFOPLIST_FILE = TDDTests/Info.plist;
				IPHONEOS_DEPLOYMENT_TARGET = 15.2;
				LD_RUNPATH_SEARCH_PATHS = (
					"$(inherited)",
					"@executable_path/Frameworks",
					"@loader_path/Frameworks",
				);
				PRODUCT_BUNDLE_IDENTIFIER = com.reviewdevs.TDDTests;
				PRODUCT_NAME = "$(TARGET_NAME)";
				SWIFT_VERSION = 5.0;
				TARGETED_DEVICE_FAMILY = "1,2";
				TEST_HOST = "$(BUILT_PRODUCTS_DIR)/TDD.app/TDD";
			};
			name = Debug;
		};
		B854920C25446F87006319DC /* Release */ = {
			isa = XCBuildConfiguration;
			buildSettings = {
				ALWAYS_EMBED_SWIFT_STANDARD_LIBRARIES = YES;
				BUNDLE_LOADER = "$(TEST_HOST)";
				CODE_SIGN_STYLE = Automatic;
				INFOPLIST_FILE = TDDTests/Info.plist;
				IPHONEOS_DEPLOYMENT_TARGET = 15.2;
				LD_RUNPATH_SEARCH_PATHS = (
					"$(inherited)",
					"@executable_path/Frameworks",
					"@loader_path/Frameworks",
				);
				PRODUCT_BUNDLE_IDENTIFIER = com.reviewdevs.TDDTests;
				PRODUCT_NAME = "$(TARGET_NAME)";
				SWIFT_VERSION = 5.0;
				TARGETED_DEVICE_FAMILY = "1,2";
				TEST_HOST = "$(BUILT_PRODUCTS_DIR)/TDD.app/TDD";
			};
			name = Release;
		};
/* End XCBuildConfiguration section */

/* Begin XCConfigurationList section */
		B85491E325446F84006319DC /* Build configuration list for PBXProject "TDD" */ = {
			isa = XCConfigurationList;
			buildConfigurations = (
				B854920525446F87006319DC /* Debug */,
				B854920625446F87006319DC /* Release */,
			);
			defaultConfigurationIsVisible = 0;
			defaultConfigurationName = Release;
		};
		B854920725446F87006319DC /* Build configuration list for PBXNativeTarget "TDD" */ = {
			isa = XCConfigurationList;
			buildConfigurations = (
				B854920825446F87006319DC /* Debug */,
				B854920925446F87006319DC /* Release */,
			);
			defaultConfigurationIsVisible = 0;
			defaultConfigurationName = Release;
		};
		B854920A25446F87006319DC /* Build configuration list for PBXNativeTarget "TDDTests" */ = {
			isa = XCConfigurationList;
			buildConfigurations = (
				B854920B25446F87006319DC /* Debug */,
				B854920C25446F87006319DC /* Release */,
			);
			defaultConfigurationIsVisible = 0;
			defaultConfigurationName = Release;
		};
/* End XCConfigurationList section */

/* Begin XCRemoteSwiftPackageReference section */
		042444FE2786C43B00D3B1EB /* XCRemoteSwiftPackageReference "keychain-swift" */ = {
			isa = XCRemoteSwiftPackageReference;
			repositoryURL = "https://github.com/evgenyneu/keychain-swift.git";
			requirement = {
				branch = master;
				kind = branch;
			};
		};
/* End XCRemoteSwiftPackageReference section */

/* Begin XCSwiftPackageProductDependency section */
		042444FF2786C43B00D3B1EB /* KeychainSwift */ = {
			isa = XCSwiftPackageProductDependency;
			package = 042444FE2786C43B00D3B1EB /* XCRemoteSwiftPackageReference "keychain-swift" */;
			productName = KeychainSwift;
		};
		045AD4ED27DC6BFB00A931C6 /* Core */ = {
			isa = XCSwiftPackageProductDependency;
			productName = Core;
		};
/* End XCSwiftPackageProductDependency section */
	};
	rootObject = B85491E025446F84006319DC /* Project object */;
}
